
Microsoft Visual Studio Solution File, Format Version 12.00
# Visual Studio Version 17
VisualStudioVersion = 17.0.31903.59
MinimumVisualStudioVersion = 10.0.40219.1
Project("{2150E333-8FDC-42A3-9474-1A3956D46DE8}") = "src", "src", "{827E0CD3-B72D-47B6-A68D-7590B98EB39B}"
EndProject
Project("{FAE04EC0-301F-11D3-BF4B-00C04F79EFBC}") = "OpenClaw.MailBridge", "src\OpenClaw.MailBridge\OpenClaw.MailBridge.csproj", "{3E738755-481E-4140-830C-D593C282B73E}"
EndProject
Project("{FAE04EC0-301F-11D3-BF4B-00C04F79EFBC}") = "OpenClaw.MailBridge.Contracts", "src\OpenClaw.MailBridge.Contracts\OpenClaw.MailBridge.Contracts.csproj", "{DA472940-4761-4FF1-B181-BC6594BD3EB0}"
EndProject
Project("{FAE04EC0-301F-11D3-BF4B-00C04F79EFBC}") = "OpenClaw.MailBridge.Client", "src\OpenClaw.MailBridge.Client\OpenClaw.MailBridge.Client.csproj", "{48154D1F-60B3-4667-9016-C186A05BD815}"
EndProject
Project("{FAE04EC0-301F-11D3-BF4B-00C04F79EFBC}") = "OpenClaw.HostAdapter.Contracts", "src\OpenClaw.HostAdapter.Contracts\OpenClaw.HostAdapter.Contracts.csproj", "{D1C31873-5A49-4C06-8E0F-7C85D0A5B6A1}"
EndProject
Project("{FAE04EC0-301F-11D3-BF4B-00C04F79EFBC}") = "OpenClaw.HostAdapter", "src\OpenClaw.HostAdapter\OpenClaw.HostAdapter.csproj", "{B8B9AE46-42EA-4A85-8E09-A91E5C7F3B21}"
EndProject
Project("{FAE04EC0-301F-11D3-BF4B-00C04F79EFBC}") = "OpenClaw.Core", "src\OpenClaw.Core\OpenClaw.Core.csproj", "{F3E47EC7-42B6-4B97-B92E-5D3B7A4E7E42}"
EndProject
Project("{2150E333-8FDC-42A3-9474-1A3956D46DE8}") = "tests", "tests", "{0AB3BF05-4346-4AA6-1389-037BE0695223}"
EndProject
Project("{FAE04EC0-301F-11D3-BF4B-00C04F79EFBC}") = "OpenClaw.MailBridge.Tests", "tests\OpenClaw.MailBridge.Tests\OpenClaw.MailBridge.Tests.csproj", "{6CBA393B-ACA6-4221-84F5-65F029E582A5}"
EndProject
Project("{FAE04EC0-301F-11D3-BF4B-00C04F79EFBC}") = "OpenClaw.HostAdapter.Tests", "tests\OpenClaw.HostAdapter.Tests\OpenClaw.HostAdapter.Tests.csproj", "{8EAB30D7-0EAF-4F59-8F35-B64D2C41A551}"
EndProject
Project("{FAE04EC0-301F-11D3-BF4B-00C04F79EFBC}") = "OpenClaw.Core.Tests", "tests\OpenClaw.Core.Tests\OpenClaw.Core.Tests.csproj", "{A68CFA6E-5E35-46CB-B21D-C61718D6F4A2}"
EndProject
Global
	GlobalSection(SolutionConfigurationPlatforms) = preSolution
		Debug|Any CPU = Debug|Any CPU
		Debug|x64 = Debug|x64
		Debug|x86 = Debug|x86
		Release|Any CPU = Release|Any CPU
		Release|x64 = Release|x64
		Release|x86 = Release|x86
	EndGlobalSection
	GlobalSection(ProjectConfigurationPlatforms) = postSolution
		{3E738755-481E-4140-830C-D593C282B73E}.Debug|Any CPU.ActiveCfg = Debug|Any CPU
		{3E738755-481E-4140-830C-D593C282B73E}.Debug|Any CPU.Build.0 = Debug|Any CPU
		{3E738755-481E-4140-830C-D593C282B73E}.Debug|x64.ActiveCfg = Debug|Any CPU
		{3E738755-481E-4140-830C-D593C282B73E}.Debug|x64.Build.0 = Debug|Any CPU
		{3E738755-481E-4140-830C-D593C282B73E}.Debug|x86.ActiveCfg = Debug|Any CPU
		{3E738755-481E-4140-830C-D593C282B73E}.Debug|x86.Build.0 = Debug|Any CPU
		{3E738755-481E-4140-830C-D593C282B73E}.Release|Any CPU.ActiveCfg = Release|Any CPU
		{3E738755-481E-4140-830C-D593C282B73E}.Release|Any CPU.Build.0 = Release|Any CPU
		{3E738755-481E-4140-830C-D593C282B73E}.Release|x64.ActiveCfg = Release|Any CPU
		{3E738755-481E-4140-830C-D593C282B73E}.Release|x64.Build.0 = Release|Any CPU
		{3E738755-481E-4140-830C-D593C282B73E}.Release|x86.ActiveCfg = Release|Any CPU
		{3E738755-481E-4140-830C-D593C282B73E}.Release|x86.Build.0 = Release|Any CPU
		{DA472940-4761-4FF1-B181-BC6594BD3EB0}.Debug|Any CPU.ActiveCfg = Debug|Any CPU
		{DA472940-4761-4FF1-B181-BC6594BD3EB0}.Debug|Any CPU.Build.0 = Debug|Any CPU
		{DA472940-4761-4FF1-B181-BC6594BD3EB0}.Debug|x64.ActiveCfg = Debug|Any CPU
		{DA472940-4761-4FF1-B181-BC6594BD3EB0}.Debug|x64.Build.0 = Debug|Any CPU
		{DA472940-4761-4FF1-B181-BC6594BD3EB0}.Debug|x86.ActiveCfg = Debug|Any CPU
		{DA472940-4761-4FF1-B181-BC6594BD3EB0}.Debug|x86.Build.0 = Debug|Any CPU
		{DA472940-4761-4FF1-B181-BC6594BD3EB0}.Release|Any CPU.ActiveCfg = Release|Any CPU
		{DA472940-4761-4FF1-B181-BC6594BD3EB0}.Release|Any CPU.Build.0 = Release|Any CPU
		{DA472940-4761-4FF1-B181-BC6594BD3EB0}.Release|x64.ActiveCfg = Release|Any CPU
		{DA472940-4761-4FF1-B181-BC6594BD3EB0}.Release|x64.Build.0 = Release|Any CPU
		{DA472940-4761-4FF1-B181-BC6594BD3EB0}.Release|x86.ActiveCfg = Release|Any CPU
		{DA472940-4761-4FF1-B181-BC6594BD3EB0}.Release|x86.Build.0 = Release|Any CPU
		{48154D1F-60B3-4667-9016-C186A05BD815}.Debug|Any CPU.ActiveCfg = Debug|Any CPU
		{48154D1F-60B3-4667-9016-C186A05BD815}.Debug|Any CPU.Build.0 = Debug|Any CPU
		{48154D1F-60B3-4667-9016-C186A05BD815}.Debug|x64.ActiveCfg = Debug|Any CPU
		{48154D1F-60B3-4667-9016-C186A05BD815}.Debug|x64.Build.0 = Debug|Any CPU
		{48154D1F-60B3-4667-9016-C186A05BD815}.Debug|x86.ActiveCfg = Debug|Any CPU
		{48154D1F-60B3-4667-9016-C186A05BD815}.Debug|x86.Build.0 = Debug|Any CPU
		{48154D1F-60B3-4667-9016-C186A05BD815}.Release|Any CPU.ActiveCfg = Release|Any CPU
		{48154D1F-60B3-4667-9016-C186A05BD815}.Release|Any CPU.Build.0 = Release|Any CPU
		{48154D1F-60B3-4667-9016-C186A05BD815}.Release|x64.ActiveCfg = Release|Any CPU
		{48154D1F-60B3-4667-9016-C186A05BD815}.Release|x64.Build.0 = Release|Any CPU
		{48154D1F-60B3-4667-9016-C186A05BD815}.Release|x86.ActiveCfg = Release|Any CPU
		{48154D1F-60B3-4667-9016-C186A05BD815}.Release|x86.Build.0 = Release|Any CPU
		{D1C31873-5A49-4C06-8E0F-7C85D0A5B6A1}.Debug|Any CPU.ActiveCfg = Debug|Any CPU
		{D1C31873-5A49-4C06-8E0F-7C85D0A5B6A1}.Debug|Any CPU.Build.0 = Debug|Any CPU
		{D1C31873-5A49-4C06-8E0F-7C85D0A5B6A1}.Debug|x64.ActiveCfg = Debug|Any CPU
		{D1C31873-5A49-4C06-8E0F-7C85D0A5B6A1}.Debug|x64.Build.0 = Debug|Any CPU
		{D1C31873-5A49-4C06-8E0F-7C85D0A5B6A1}.Debug|x86.ActiveCfg = Debug|Any CPU
		{D1C31873-5A49-4C06-8E0F-7C85D0A5B6A1}.Debug|x86.Build.0 = Debug|Any CPU
		{D1C31873-5A49-4C06-8E0F-7C85D0A5B6A1}.Release|Any CPU.ActiveCfg = Release|Any CPU
		{D1C31873-5A49-4C06-8E0F-7C85D0A5B6A1}.Release|Any CPU.Build.0 = Release|Any CPU
		{D1C31873-5A49-4C06-8E0F-7C85D0A5B6A1}.Release|x64.ActiveCfg = Release|Any CPU
		{D1C31873-5A49-4C06-8E0F-7C85D0A5B6A1}.Release|x64.Build.0 = Release|Any CPU
		{D1C31873-5A49-4C06-8E0F-7C85D0A5B6A1}.Release|x86.ActiveCfg = Release|Any CPU
		{D1C31873-5A49-4C06-8E0F-7C85D0A5B6A1}.Release|x86.Build.0 = Release|Any CPU
		{B8B9AE46-42EA-4A85-8E09-A91E5C7F3B21}.Debug|Any CPU.ActiveCfg = Debug|Any CPU
		{B8B9AE46-42EA-4A85-8E09-A91E5C7F3B21}.Debug|Any CPU.Build.0 = Debug|Any CPU
		{B8B9AE46-42EA-4A85-8E09-A91E5C7F3B21}.Debug|x64.ActiveCfg = Debug|Any CPU
		{B8B9AE46-42EA-4A85-8E09-A91E5C7F3B21}.Debug|x64.Build.0 = Debug|Any CPU
		{B8B9AE46-42EA-4A85-8E09-A91E5C7F3B21}.Debug|x86.ActiveCfg = Debug|Any CPU
		{B8B9AE46-42EA-4A85-8E09-A91E5C7F3B21}.Debug|x86.Build.0 = Debug|Any CPU
		{B8B9AE46-42EA-4A85-8E09-A91E5C7F3B21}.Release|Any CPU.ActiveCfg = Release|Any CPU
		{B8B9AE46-42EA-4A85-8E09-A91E5C7F3B21}.Release|Any CPU.Build.0 = Release|Any CPU
		{B8B9AE46-42EA-4A85-8E09-A91E5C7F3B21}.Release|x64.ActiveCfg = Release|Any CPU
		{B8B9AE46-42EA-4A85-8E09-A91E5C7F3B21}.Release|x64.Build.0 = Release|Any CPU
		{B8B9AE46-42EA-4A85-8E09-A91E5C7F3B21}.Release|x86.ActiveCfg = Release|Any CPU
		{B8B9AE46-42EA-4A85-8E09-A91E5C7F3B21}.Release|x86.Build.0 = Release|Any CPU
		{F3E47EC7-42B6-4B97-B92E-5D3B7A4E7E42}.Debug|Any CPU.ActiveCfg = Debug|Any CPU
		{F3E47EC7-42B6-4B97-B92E-5D3B7A4E7E42}.Debug|Any CPU.Build.0 = Debug|Any CPU
		{F3E47EC7-42B6-4B97-B92E-5D3B7A4E7E42}.Debug|x64.ActiveCfg = Debug|Any CPU
		{F3E47EC7-42B6-4B97-B92E-5D3B7A4E7E42}.Debug|x64.Build.0 = Debug|Any CPU
		{F3E47EC7-42B6-4B97-B92E-5D3B7A4E7E42}.Debug|x86.ActiveCfg = Debug|Any CPU
		{F3E47EC7-42B6-4B97-B92E-5D3B7A4E7E42}.Debug|x86.Build.0 = Debug|Any CPU
		{F3E47EC7-42B6-4B97-B92E-5D3B7A4E7E42}.Release|Any CPU.ActiveCfg = Release|Any CPU
		{F3E47EC7-42B6-4B97-B92E-5D3B7A4E7E42}.Release|Any CPU.Build.0 = Release|Any CPU
		{F3E47EC7-42B6-4B97-B92E-5D3B7A4E7E42}.Release|x64.ActiveCfg = Release|Any CPU
		{F3E47EC7-42B6-4B97-B92E-5D3B7A4E7E42}.Release|x64.Build.0 = Release|Any CPU
		{F3E47EC7-42B6-4B97-B92E-5D3B7A4E7E42}.Release|x86.ActiveCfg = Release|Any CPU
		{F3E47EC7-42B6-4B97-B92E-5D3B7A4E7E42}.Release|x86.Build.0 = Release|Any CPU
		{6CBA393B-ACA6-4221-84F5-65F029E582A5}.Debug|Any CPU.ActiveCfg = Debug|Any CPU
		{6CBA393B-ACA6-4221-84F5-65F029E582A5}.Debug|Any CPU.Build.0 = Debug|Any CPU
		{6CBA393B-ACA6-4221-84F5-65F029E582A5}.Debug|x64.ActiveCfg = Debug|Any CPU
		{6CBA393B-ACA6-4221-84F5-65F029E582A5}.Debug|x64.Build.0 = Debug|Any CPU
		{6CBA393B-ACA6-4221-84F5-65F029E582A5}.Debug|x86.ActiveCfg = Debug|Any CPU
		{6CBA393B-ACA6-4221-84F5-65F029E582A5}.Debug|x86.Build.0 = Debug|Any CPU
		{6CBA393B-ACA6-4221-84F5-65F029E582A5}.Release|Any CPU.ActiveCfg = Release|Any CPU
		{6CBA393B-ACA6-4221-84F5-65F029E582A5}.Release|Any CPU.Build.0 = Release|Any CPU
		{6CBA393B-ACA6-4221-84F5-65F029E582A5}.Release|x64.ActiveCfg = Release|Any CPU
		{6CBA393B-ACA6-4221-84F5-65F029E582A5}.Release|x64.Build.0 = Release|Any CPU
		{6CBA393B-ACA6-4221-84F5-65F029E582A5}.Release|x86.ActiveCfg = Release|Any CPU
		{6CBA393B-ACA6-4221-84F5-65F029E582A5}.Release|x86.Build.0 = Release|Any CPU
		{8EAB30D7-0EAF-4F59-8F35-B64D2C41A551}.Debug|Any CPU.ActiveCfg = Debug|Any CPU
		{8EAB30D7-0EAF-4F59-8F35-B64D2C41A551}.Debug|Any CPU.Build.0 = Debug|Any CPU
		{8EAB30D7-0EAF-4F59-8F35-B64D2C41A551}.Debug|x64.ActiveCfg = Debug|Any CPU
		{8EAB30D7-0EAF-4F59-8F35-B64D2C41A551}.Debug|x64.Build.0 = Debug|Any CPU
		{8EAB30D7-0EAF-4F59-8F35-B64D2C41A551}.Debug|x86.ActiveCfg = Debug|Any CPU
		{8EAB30D7-0EAF-4F59-8F35-B64D2C41A551}.Debug|x86.Build.0 = Debug|Any CPU
		{8EAB30D7-0EAF-4F59-8F35-B64D2C41A551}.Release|Any CPU.ActiveCfg = Release|Any CPU
		{8EAB30D7-0EAF-4F59-8F35-B64D2C41A551}.Release|Any CPU.Build.0 = Release|Any CPU
		{8EAB30D7-0EAF-4F59-8F35-B64D2C41A551}.Release|x64.ActiveCfg = Release|Any CPU
		{8EAB30D7-0EAF-4F59-8F35-B64D2C41A551}.Release|x64.Build.0 = Release|Any CPU
		{8EAB30D7-0EAF-4F59-8F35-B64D2C41A551}.Release|x86.ActiveCfg = Release|Any CPU
		{8EAB30D7-0EAF-4F59-8F35-B64D2C41A551}.Release|x86.Build.0 = Release|Any CPU
		{A68CFA6E-5E35-46CB-B21D-C61718D6F4A2}.Debug|Any CPU.ActiveCfg = Debug|Any CPU
		{A68CFA6E-5E35-46CB-B21D-C61718D6F4A2}.Debug|Any CPU.Build.0 = Debug|Any CPU
		{A68CFA6E-5E35-46CB-B21D-C61718D6F4A2}.Debug|x64.ActiveCfg = Debug|Any CPU
		{A68CFA6E-5E35-46CB-B21D-C61718D6F4A2}.Debug|x64.Build.0 = Debug|Any CPU
		{A68CFA6E-5E35-46CB-B21D-C61718D6F4A2}.Debug|x86.ActiveCfg = Debug|Any CPU
		{A68CFA6E-5E35-46CB-B21D-C61718D6F4A2}.Debug|x86.Build.0 = Debug|Any CPU
		{A68CFA6E-5E35-46CB-B21D-C61718D6F4A2}.Release|Any CPU.ActiveCfg = Release|Any CPU
		{A68CFA6E-5E35-46CB-B21D-C61718D6F4A2}.Release|Any CPU.Build.0 = Release|Any CPU
		{A68CFA6E-5E35-46CB-B21D-C61718D6F4A2}.Release|x64.ActiveCfg = Release|Any CPU
		{A68CFA6E-5E35-46CB-B21D-C61718D6F4A2}.Release|x64.Build.0 = Release|Any CPU
		{A68CFA6E-5E35-46CB-B21D-C61718D6F4A2}.Release|x86.ActiveCfg = Release|Any CPU
		{A68CFA6E-5E35-46CB-B21D-C61718D6F4A2}.Release|x86.Build.0 = Release|Any CPU
	EndGlobalSection
	GlobalSection(SolutionProperties) = preSolution
		HideSolutionNode = FALSE
	EndGlobalSection
	GlobalSection(NestedProjects) = preSolution
		{3E738755-481E-4140-830C-D593C282B73E} = {827E0CD3-B72D-47B6-A68D-7590B98EB39B}
		{DA472940-4761-4FF1-B181-BC6594BD3EB0} = {827E0CD3-B72D-47B6-A68D-7590B98EB39B}
		{48154D1F-60B3-4667-9016-C186A05BD815} = {827E0CD3-B72D-47B6-A68D-7590B98EB39B}
		{D1C31873-5A49-4C06-8E0F-7C85D0A5B6A1} = {827E0CD3-B72D-47B6-A68D-7590B98EB39B}
		{B8B9AE46-42EA-4A85-8E09-A91E5C7F3B21} = {827E0CD3-B72D-47B6-A68D-7590B98EB39B}
		{F3E47EC7-42B6-4B97-B92E-5D3B7A4E7E42} = {827E0CD3-B72D-47B6-A68D-7590B98EB39B}
		{6CBA393B-ACA6-4221-84F5-65F029E582A5} = {0AB3BF05-4346-4AA6-1389-037BE0695223}
		{8EAB30D7-0EAF-4F59-8F35-B64D2C41A551} = {0AB3BF05-4346-4AA6-1389-037BE0695223}
		{A68CFA6E-5E35-46CB-B21D-C61718D6F4A2} = {0AB3BF05-4346-4AA6-1389-037BE0695223}
	EndGlobalSection
EndGlobal
